
Microsoft Visual Studio Solution File, Format Version 12.00
# Visual Studio Version 16
VisualStudioVersion = 16.0.30503.244
MinimumVisualStudioVersion = 10.0.40219.1
Project("{FAE04EC0-301F-11D3-BF4B-00C04F79EFBC}") = "KrimLibrary", "KrimLibrary\KrimLibrary.csproj", "{A458C52C-5979-4CF6-BEAD-12ED49ED2E4A}"
EndProject
Project("{FAE04EC0-301F-11D3-BF4B-00C04F79EFBC}") = "KrimConsole", "KrimConsole\KrimConsole.csproj", "{38D3F5D3-6729-4FC1-B517-7BC6C7C3DB6E}"
EndProject
Project("{FAE04EC0-301F-11D3-BF4B-00C04F79EFBC}") = "KrimWPF", "KrimWPF\KrimWPF.csproj", "{F16DFF7B-3594-44F1-931F-221401275E22}"
EndProject
Global
	GlobalSection(SolutionConfigurationPlatforms) = preSolution
		Debug|Any CPU = Debug|Any CPU
		Release|Any CPU = Release|Any CPU
	EndGlobalSection
	GlobalSection(ProjectConfigurationPlatforms) = postSolution
		{A458C52C-5979-4CF6-BEAD-12ED49ED2E4A}.Debug|Any CPU.ActiveCfg = Debug|Any CPU
		{A458C52C-5979-4CF6-BEAD-12ED49ED2E4A}.Debug|Any CPU.Build.0 = Debug|Any CPU
		{A458C52C-5979-4CF6-BEAD-12ED49ED2E4A}.Release|Any CPU.ActiveCfg = Release|Any CPU
		{A458C52C-5979-4CF6-BEAD-12ED49ED2E4A}.Release|Any CPU.Build.0 = Release|Any CPU
		{38D3F5D3-6729-4FC1-B517-7BC6C7C3DB6E}.Debug|Any CPU.ActiveCfg = Debug|Any CPU
		{38D3F5D3-6729-4FC1-B517-7BC6C7C3DB6E}.Debug|Any CPU.Build.0 = Debug|Any CPU
		{38D3F5D3-6729-4FC1-B517-7BC6C7C3DB6E}.Release|Any CPU.ActiveCfg = Release|Any CPU
		{38D3F5D3-6729-4FC1-B517-7BC6C7C3DB6E}.Release|Any CPU.Build.0 = Release|Any CPU
		{F16DFF7B-3594-44F1-931F-221401275E22}.Debug|Any CPU.ActiveCfg = Debug|Any CPU
		{F16DFF7B-3594-44F1-931F-221401275E22}.Debug|Any CPU.Build.0 = Debug|Any CPU
		{F16DFF7B-3594-44F1-931F-221401275E22}.Release|Any CPU.ActiveCfg = Release|Any CPU
		{F16DFF7B-3594-44F1-931F-221401275E22}.Release|Any CPU.Build.0 = Release|Any CPU
	EndGlobalSection
	GlobalSection(SolutionProperties) = preSolution
		HideSolutionNode = FALSE
	EndGlobalSection
	GlobalSection(ExtensibilityGlobals) = postSolution
		SolutionGuid = {726CB600-12C3-403F-B0F7-493AFA178DFB}
	EndGlobalSection
EndGlobal
